
Microsoft Visual Studio Solution File, Format Version 12.00
# Visual Studio Version 17
VisualStudioVersion = 17.7.34202.233
MinimumVisualStudioVersion = 10.0.40219.1
Project("{FAE04EC0-301F-11D3-BF4B-00C04F79EFBC}") = "AppTaskMenecer", "AppTaskMenecer\AppTaskMenecer.csproj", "{B9DABB9C-6BF7-4167-B97B-360B7DE9560F}"
EndProject
Global
	GlobalSection(SolutionConfigurationPlatforms) = preSolution
		Debug|Any CPU = Debug|Any CPU
		Release|Any CPU = Release|Any CPU
	EndGlobalSection
	GlobalSection(ProjectConfigurationPlatforms) = postSolution
		{B9DABB9C-6BF7-4167-B97B-360B7DE9560F}.Debug|Any CPU.ActiveCfg = Debug|Any CPU
		{B9DABB9C-6BF7-4167-B97B-360B7DE9560F}.Debug|Any CPU.Build.0 = Debug|Any CPU
		{B9DABB9C-6BF7-4167-B97B-360B7DE9560F}.Release|Any CPU.ActiveCfg = Release|Any CPU
		{B9DABB9C-6BF7-4167-B97B-360B7DE9560F}.Release|Any CPU.Build.0 = Release|Any CPU
	EndGlobalSection
	GlobalSection(SolutionProperties) = preSolution
		HideSolutionNode = FALSE
	EndGlobalSection
	GlobalSection(ExtensibilityGlobals) = postSolution
		SolutionGuid = {B53A528D-0B91-4B78-9C38-5CD58E6C04F3}
	EndGlobalSection
EndGlobal
